// !$*UTF8*$!
{
	archiveVersion = 1;
	classes = {
	};
	objectVersion = 46;
	objects = {

/* Begin PBXBuildFile section */
		C84A1BFC1CD745630063BBA5 /* ListDetailViewController.swift in Sources */ = {isa = PBXBuildFile; fileRef = C84A1BFB1CD745630063BBA5 /* ListDetailViewController.swift */; };
		C84A1C281CD89F780063BBA5 /* DataModel.swift in Sources */ = {isa = PBXBuildFile; fileRef = C84A1C271CD89F780063BBA5 /* DataModel.swift */; };
		C8F48A5B1CE9CFCA0057098C /* IconPickerViewController.swift in Sources */ = {isa = PBXBuildFile; fileRef = C8F48A5A1CE9CFCA0057098C /* IconPickerViewController.swift */; };
		C8F5A3401CC276AE00AFDFF0 /* AppDelegate.swift in Sources */ = {isa = PBXBuildFile; fileRef = C8F5A33F1CC276AE00AFDFF0 /* AppDelegate.swift */; };
		C8F5A3421CC276AE00AFDFF0 /* ChecklistViewController.swift in Sources */ = {isa = PBXBuildFile; fileRef = C8F5A3411CC276AE00AFDFF0 /* ChecklistViewController.swift */; };
		C8F5A3451CC276AE00AFDFF0 /* Main.storyboard in Resources */ = {isa = PBXBuildFile; fileRef = C8F5A3431CC276AE00AFDFF0 /* Main.storyboard */; };
		C8F5A3471CC276AE00AFDFF0 /* Assets.xcassets in Resources */ = {isa = PBXBuildFile; fileRef = C8F5A3461CC276AE00AFDFF0 /* Assets.xcassets */; };
		C8F5A3521CC33A9A00AFDFF0 /* ChecklistItem.swift in Sources */ = {isa = PBXBuildFile; fileRef = C8F5A3511CC33A9A00AFDFF0 /* ChecklistItem.swift */; };
		C8F5A3541CC36F9700AFDFF0 /* ItemDetailViewController.swift in Sources */ = {isa = PBXBuildFile; fileRef = C8F5A3531CC36F9700AFDFF0 /* ItemDetailViewController.swift */; };
		C8F5A3971CC6069D00AFDFF0 /* AllListTableViewController.swift in Sources */ = {isa = PBXBuildFile; fileRef = C8F5A3961CC6069D00AFDFF0 /* AllListTableViewController.swift */; };
		C8F5A3991CC6304500AFDFF0 /* Checklist.swift in Sources */ = {isa = PBXBuildFile; fileRef = C8F5A3981CC6304500AFDFF0 /* Checklist.swift */; };
/* End PBXBuildFile section */

/* Begin PBXFileReference section */
		C84A1BFB1CD745630063BBA5 /* ListDetailViewController.swift */ = {isa = PBXFileReference; fileEncoding = 4; lastKnownFileType = sourcecode.swift; path = ListDetailViewController.swift; sourceTree = "<group>"; };
		C84A1C271CD89F780063BBA5 /* DataModel.swift */ = {isa = PBXFileReference; fileEncoding = 4; lastKnownFileType = sourcecode.swift; name = DataModel.swift; path = ../DataModel.swift; sourceTree = "<group>"; };
		C8F48A561CE9CFAE0057098C /* CheckList-Bridging-Header.h */ = {isa = PBXFileReference; lastKnownFileType = sourcecode.c.h; path = "CheckList-Bridging-Header.h"; sourceTree = "<group>"; };
		C8F48A571CE9CFAF0057098C /* IconPickerViewController.h */ = {isa = PBXFileReference; fileEncoding = 4; lastKnownFileType = sourcecode.c.h; path = IconPickerViewController.h; sourceTree = "<group>"; };
		C8F48A5A1CE9CFCA0057098C /* IconPickerViewController.swift */ = {isa = PBXFileReference; fileEncoding = 4; lastKnownFileType = sourcecode.swift; name = IconPickerViewController.swift; path = ../IconPickerViewController.swift; sourceTree = "<group>"; };
		C8F5A33C1CC276AE00AFDFF0 /* CheckList.app */ = {isa = PBXFileReference; explicitFileType = wrapper.application; includeInIndex = 0; path = CheckList.app; sourceTree = BUILT_PRODUCTS_DIR; };
		C8F5A33F1CC276AE00AFDFF0 /* AppDelegate.swift */ = {isa = PBXFileReference; lastKnownFileType = sourcecode.swift; path = AppDelegate.swift; sourceTree = "<group>"; };
		C8F5A3411CC276AE00AFDFF0 /* ChecklistViewController.swift */ = {isa = PBXFileReference; lastKnownFileType = sourcecode.swift; lineEnding = 0; path = ChecklistViewController.swift; sourceTree = "<group>"; xcLanguageSpecificationIdentifier = xcode.lang.swift; };
		C8F5A3441CC276AE00AFDFF0 /* Base */ = {isa = PBXFileReference; lastKnownFileType = file.storyboard; name = Base; path = Base.lproj/Main.storyboard; sourceTree = "<group>"; };
		C8F5A3461CC276AE00AFDFF0 /* Assets.xcassets */ = {isa = PBXFileReference; lastKnownFileType = folder.assetcatalog; path = Assets.xcassets; sourceTree = "<group>"; };
		C8F5A34B1CC276AE00AFDFF0 /* Info.plist */ = {isa = PBXFileReference; lastKnownFileType = text.plist.xml; path = Info.plist; sourceTree = "<group>"; };
		C8F5A3511CC33A9A00AFDFF0 /* ChecklistItem.swift */ = {isa = PBXFileReference; fileEncoding = 4; lastKnownFileType = sourcecode.swift; path = ChecklistItem.swift; sourceTree = "<group>"; };
		C8F5A3531CC36F9700AFDFF0 /* ItemDetailViewController.swift */ = {isa = PBXFileReference; fileEncoding = 4; lastKnownFileType = sourcecode.swift; lineEnding = 0; path = ItemDetailViewController.swift; sourceTree = "<group>"; xcLanguageSpecificationIdentifier = xcode.lang.swift; };
		C8F5A3961CC6069D00AFDFF0 /* AllListTableViewController.swift */ = {isa = PBXFileReference; fileEncoding = 4; lastKnownFileType = sourcecode.swift; path = AllListTableViewController.swift; sourceTree = "<group>"; };
		C8F5A3981CC6304500AFDFF0 /* Checklist.swift */ = {isa = PBXFileReference; fileEncoding = 4; lastKnownFileType = sourcecode.swift; path = Checklist.swift; sourceTree = "<group>"; };
/* End PBXFileReference section */

/* Begin PBXFrameworksBuildPhase section */
		C8F5A3391CC276AE00AFDFF0 /* Frameworks */ = {
			isa = PBXFrameworksBuildPhase;
			buildActionMask = 2147483647;
			files = (
			);
			runOnlyForDeploymentPostprocessing = 0;
		};
/* End PBXFrameworksBuildPhase section */

/* Begin PBXGroup section */
		C8F5A3331CC276AE00AFDFF0 = {
			isa = PBXGroup;
			children = (
				C8F5A33E1CC276AE00AFDFF0 /* CheckList */,
				C8F5A33D1CC276AE00AFDFF0 /* Products */,
			);
			sourceTree = "<group>";
		};
		C8F5A33D1CC276AE00AFDFF0 /* Products */ = {
			isa = PBXGroup;
			children = (
				C8F5A33C1CC276AE00AFDFF0 /* CheckList.app */,
			);
			name = Products;
			sourceTree = "<group>";
		};
		C8F5A33E1CC276AE00AFDFF0 /* CheckList */ = {
			isa = PBXGroup;
			children = (
				C8F5A33F1CC276AE00AFDFF0 /* AppDelegate.swift */,
				C8F5A3511CC33A9A00AFDFF0 /* ChecklistItem.swift */,
				C8F5A3531CC36F9700AFDFF0 /* ItemDetailViewController.swift */,
				C84A1C271CD89F780063BBA5 /* DataModel.swift */,
				C8F5A3981CC6304500AFDFF0 /* Checklist.swift */,
				C8F48A5A1CE9CFCA0057098C /* IconPickerViewController.swift */,
				C84A1BFB1CD745630063BBA5 /* ListDetailViewController.swift */,
				C8F5A3961CC6069D00AFDFF0 /* AllListTableViewController.swift */,
				C8F5A3411CC276AE00AFDFF0 /* ChecklistViewController.swift */,
				C8F5A3431CC276AE00AFDFF0 /* Main.storyboard */,
				C8F5A3461CC276AE00AFDFF0 /* Assets.xcassets */,
				C8F48A571CE9CFAF0057098C /* IconPickerViewController.h */,
				C8F5A34B1CC276AE00AFDFF0 /* Info.plist */,
				C8F48A561CE9CFAE0057098C /* CheckList-Bridging-Header.h */,
			);
			path = CheckList;
			sourceTree = "<group>";
		};
/* End PBXGroup section */

/* Begin PBXNativeTarget section */
		C8F5A33B1CC276AE00AFDFF0 /* CheckList */ = {
			isa = PBXNativeTarget;
			buildConfigurationList = C8F5A34E1CC276AE00AFDFF0 /* Build configuration list for PBXNativeTarget "CheckList" */;
			buildPhases = (
				C8F5A3381CC276AE00AFDFF0 /* Sources */,
				C8F5A3391CC276AE00AFDFF0 /* Frameworks */,
				C8F5A33A1CC276AE00AFDFF0 /* Resources */,
			);
			buildRules = (
			);
			dependencies = (
			);
			name = CheckList;
			productName = CheckList;
			productReference = C8F5A33C1CC276AE00AFDFF0 /* CheckList.app */;
			productType = "com.apple.product-type.application";
		};
/* End PBXNativeTarget section */

/* Begin PBXProject section */
		C8F5A3341CC276AE00AFDFF0 /* Project object */ = {
			isa = PBXProject;
			attributes = {
				KnownAssetTags = (
					1001,
				);
				LastSwiftUpdateCheck = 0730;
				LastUpgradeCheck = 0730;
				ORGANIZATIONNAME = kemchenj;
				TargetAttributes = {
					C8F5A33B1CC276AE00AFDFF0 = {
						CreatedOnToolsVersion = 7.3;
					};
				};
			};
			buildConfigurationList = C8F5A3371CC276AE00AFDFF0 /* Build configuration list for PBXProject "CheckList" */;
			compatibilityVersion = "Xcode 3.2";
			developmentRegion = English;
			hasScannedForEncodings = 0;
			knownRegions = (
				en,
				Base,
			);
			mainGroup = C8F5A3331CC276AE00AFDFF0;
			productRefGroup = C8F5A33D1CC276AE00AFDFF0 /* Products */;
			projectDirPath = "";
			projectRoot = "";
			targets = (
				C8F5A33B1CC276AE00AFDFF0 /* CheckList */,
			);
		};
/* End PBXProject section */

/* Begin PBXResourcesBuildPhase section */
		C8F5A33A1CC276AE00AFDFF0 /* Resources */ = {
			isa = PBXResourcesBuildPhase;
			buildActionMask = 2147483647;
			files = (
				C8F5A3471CC276AE00AFDFF0 /* Assets.xcassets in Resources */,
				C8F5A3451CC276AE00AFDFF0 /* Main.storyboard in Resources */,
			);
			runOnlyForDeploymentPostprocessing = 0;
		};
/* End PBXResourcesBuildPhase section */

/* Begin PBXSourcesBuildPhase section */
		C8F5A3381CC276AE00AFDFF0 /* Sources */ = {
			isa = PBXSourcesBuildPhase;
			buildActionMask = 2147483647;
			files = (
				C8F5A3421CC276AE00AFDFF0 /* ChecklistViewController.swift in Sources */,
				C84A1BFC1CD745630063BBA5 /* ListDetailViewController.swift in Sources */,
				C8F5A3971CC6069D00AFDFF0 /* AllListTableViewController.swift in Sources */,
				C8F48A5B1CE9CFCA0057098C /* IconPickerViewController.swift in Sources */,
				C8F5A3991CC6304500AFDFF0 /* Checklist.swift in Sources */,
				C8F5A3541CC36F9700AFDFF0 /* ItemDetailViewController.swift in Sources */,
				C84A1C281CD89F780063BBA5 /* DataModel.swift in Sources */,
				C8F5A3521CC33A9A00AFDFF0 /* ChecklistItem.swift in Sources */,
				C8F5A3401CC276AE00AFDFF0 /* AppDelegate.swift in Sources */,
			);
			runOnlyForDeploymentPostprocessing = 0;
		};
/* End PBXSourcesBuildPhase section */

/* Begin PBXVariantGroup section */
		C8F5A3431CC276AE00AFDFF0 /* Main.storyboard */ = {
			isa = PBXVariantGroup;
			children = (
				C8F5A3441CC276AE00AFDFF0 /* Base */,
			);
			name = Main.storyboard;
			sourceTree = "<group>";
		};
/* End PBXVariantGroup section */

/* Begin XCBuildConfiguration section */
		C8F5A34C1CC276AE00AFDFF0 /* Debug */ = {
			isa = XCBuildConfiguration;
			buildSettings = {
				ALWAYS_SEARCH_USER_PATHS = NO;
				CLANG_ANALYZER_NONNULL = YES;
				CLANG_CXX_LANGUAGE_STANDARD = "gnu++0x";
				CLANG_CXX_LIBRARY = "libc++";
				CLANG_ENABLE_MODULES = YES;
				CLANG_ENABLE_OBJC_ARC = YES;
				CLANG_WARN_BOOL_CONVERSION = YES;
				CLANG_WARN_CONSTANT_CONVERSION = YES;
				CLANG_WARN_DIRECT_OBJC_ISA_USAGE = YES_ERROR;
				CLANG_WARN_EMPTY_BODY = YES;
				CLANG_WARN_ENUM_CONVERSION = YES;
				CLANG_WARN_INT_CONVERSION = YES;
				CLANG_WARN_OBJC_ROOT_CLASS = YES_ERROR;
				CLANG_WARN_UNREACHABLE_CODE = YES;
				CLANG_WARN__DUPLICATE_METHOD_MATCH = YES;
				"CODE_SIGN_IDENTITY[sdk=iphoneos*]" = "iPhone Developer";
				COPY_PHASE_STRIP = NO;
				DEBUG_INFORMATION_FORMAT = dwarf;
				ENABLE_STRICT_OBJC_MSGSEND = YES;
				ENABLE_TESTABILITY = YES;
				GCC_C_LANGUAGE_STANDARD = gnu99;
				GCC_DYNAMIC_NO_PIC = NO;
				GCC_NO_COMMON_BLOCKS = YES;
				GCC_OPTIMIZATION_LEVEL = 0;
				GCC_PREPROCESSOR_DEFINITIONS = (
					"DEBUG=1",
					"$(inherited)",
				);
				GCC_WARN_64_TO_32_BIT_CONVERSION = YES;
				GCC_WARN_ABOUT_RETURN_TYPE = YES_ERROR;
				GCC_WARN_UNDECLARED_SELECTOR = YES;
				GCC_WARN_UNINITIALIZED_AUTOS = YES_AGGRESSIVE;
				GCC_WARN_UNUSED_FUNCTION = YES;
				GCC_WARN_UNUSED_VARIABLE = YES;
				IPHONEOS_DEPLOYMENT_TARGET = 9.3;
				MTL_ENABLE_DEBUG_INFO = YES;
				ONLY_ACTIVE_ARCH = YES;
				SDKROOT = iphoneos;
				SWIFT_OPTIMIZATION_LEVEL = "-Onone";
			};
			name = Debug;
		};
		C8F5A34D1CC276AE00AFDFF0 /* Release */ = {
			isa = XCBuildConfiguration;
			buildSettings = {
				ALWAYS_SEARCH_USER_PATHS = NO;
				CLANG_ANALYZER_NONNULL = YES;
				CLANG_CXX_LANGUAGE_STANDARD = "gnu++0x";
				CLANG_CXX_LIBRARY = "libc++";
				CLANG_ENABLE_MODULES = YES;
				CLANG_ENABLE_OBJC_ARC = YES;
				CLANG_WARN_BOOL_CONVERSION = YES;
				CLANG_WARN_CONSTANT_CONVERSION = YES;
				CLANG_WARN_DIRECT_OBJC_ISA_USAGE = YES_ERROR;
				CLANG_WARN_EMPTY_BODY = YES;
				CLANG_WARN_ENUM_CONVERSION = YES;
				CLANG_WARN_INT_CONVERSION = YES;
				CLANG_WARN_OBJC_ROOT_CLASS = YES_ERROR;
				CLANG_WARN_UNREACHABLE_CODE = YES;
				CLANG_WARN__DUPLICATE_METHOD_MATCH = YES;
				"CODE_SIGN_IDENTITY[sdk=iphoneos*]" = "iPhone Developer";
				COPY_PHASE_STRIP = NO;
				DEBUG_INFORMATION_FORMAT = "dwarf-with-dsym";
				ENABLE_NS_ASSERTIONS = NO;
				ENABLE_STRICT_OBJC_MSGSEND = YES;
				GCC_C_LANGUAGE_STANDARD = gnu99;
				GCC_NO_COMMON_BLOCKS = YES;
				GCC_WARN_64_TO_32_BIT_CONVERSION = YES;
				GCC_WARN_ABOUT_RETURN_TYPE = YES_ERROR;
				GCC_WARN_UNDECLARED_SELECTOR = YES;
				GCC_WARN_UNINITIALIZED_AUTOS = YES_AGGRESSIVE;
				GCC_WARN_UNUSED_FUNCTION = YES;
				GCC_WARN_UNUSED_VARIABLE = YES;
				IPHONEOS_DEPLOYMENT_TARGET = 9.3;
				MTL_ENABLE_DEBUG_INFO = NO;
				SDKROOT = iphoneos;
				VALIDATE_PRODUCT = YES;
			};
			name = Release;
		};
		C8F5A34F1CC276AE00AFDFF0 /* Debug */ = {
			isa = XCBuildConfiguration;
			buildSettings = {
				ASSETCATALOG_COMPILER_APPICON_NAME = AppIcon;
				CLANG_ENABLE_MODULES = YES;
				INFOPLIST_FILE = CheckList/Info.plist;
				LD_RUNPATH_SEARCH_PATHS = "$(inherited) @executable_path/Frameworks";
				PRODUCT_BUNDLE_IDENTIFIER = com.st.CheckList;
				PRODUCT_NAME = "$(TARGET_NAME)";
				SWIFT_OBJC_BRIDGING_HEADER = "CheckList/CheckList-Bridging-Header.h";
				SWIFT_OPTIMIZATION_LEVEL = "-Onone";
			};
			name = Debug;
		};
		C8F5A3501CC276AE00AFDFF0 /* Release */ = {
			isa = XCBuildConfiguration;
			buildSettings = {
				ASSETCATALOG_COMPILER_APPICON_NAME = AppIcon;
				CLANG_ENABLE_MODULES = YES;
				INFOPLIST_FILE = CheckList/Info.plist;
				LD_RUNPATH_SEARCH_PATHS = "$(inherited) @executable_path/Frameworks";
				PRODUCT_BUNDLE_IDENTIFIER = com.st.CheckList;
				PRODUCT_NAME = "$(TARGET_NAME)";
				SWIFT_OBJC_BRIDGING_HEADER = "CheckList/CheckList-Bridging-Header.h";
			};
			name = Release;
		};
/* End XCBuildConfiguration section */

/* Begin XCConfigurationList section */
		C8F5A3371CC276AE00AFDFF0 /* Build configuration list for PBXProject "CheckList" */ = {
			isa = XCConfigurationList;
			buildConfigurations = (
				C8F5A34C1CC276AE00AFDFF0 /* Debug */,
				C8F5A34D1CC276AE00AFDFF0 /* Release */,
			);
			defaultConfigurationIsVisible = 0;
			defaultConfigurationName = Release;
		};
		C8F5A34E1CC276AE00AFDFF0 /* Build configuration list for PBXNativeTarget "CheckList" */ = {
			isa = XCConfigurationList;
			buildConfigurations = (
				C8F5A34F1CC276AE00AFDFF0 /* Debug */,
				C8F5A3501CC276AE00AFDFF0 /* Release */,
			);
			defaultConfigurationIsVisible = 0;
			defaultConfigurationName = Release;
		};
/* End XCConfigurationList section */
	};
	rootObject = C8F5A3341CC276AE00AFDFF0 /* Project object */;
}
